# This file is automatically @generated by Cargo.
# It is not intended for manual editing.
[[package]]
name = "cortex-a"
version = "3.0.4"
source = "registry+https://github.com/rust-lang/crates.io-index"
checksum = "6922a40af4d1a2deac8c963b9f3e57311b8912490740234f1ad182425c547f80"
dependencies = [
 "register",
]

[[package]]
name = "qemu-exit"
version = "1.0.0"
source = "registry+https://github.com/rust-lang/crates.io-index"
checksum = "b73ae13954572c7ca0ec48ba9fe6a59c0392066eba62f8cb384ffd5addf538c5"

[[package]]
name = "r0"
version = "0.2.2"
source = "registry+https://github.com/rust-lang/crates.io-index"
checksum = "e2a38df5b15c8d5c7e8654189744d8e396bddc18ad48041a500ce52d6948941f"

[[package]]
name = "register"
version = "0.5.1"
source = "registry+https://github.com/rust-lang/crates.io-index"
checksum = "deaba5b0e477d21f61a57504bb5cef4a1e86de30300b457d38971c1cfc98b815"
dependencies = [
 "tock-registers",
]

[[package]]
name = "rlibc"
version = "1.0.0"
source = "registry+https://github.com/rust-lang/crates.io-index"
checksum = "fc874b127765f014d792f16763a81245ab80500e2ad921ed4ee9e82481ee08fe"

[[package]]
name = "tock-registers"
version = "0.5.0"
source = "registry+https://github.com/rust-lang/crates.io-index"
checksum = "70323afdb8082186c0986da0e10f6e4ed103d681c921c00597e98d9806dac20f"

[[package]]
name = "vesper"
version = "0.0.1"
dependencies = [
 "cortex-a",
 "qemu-exit",
 "r0",
 "rlibc",
]
