# This file is automatically @generated by Cargo.
# It is not intended for manual editing.
version = 3

[[package]]
name = "aarch64-cpu"
version = "9.2.0"
source = "registry+https://github.com/rust-lang/crates.io-index"
checksum = "3478265322ad2c3e68e88606b00e92c45e6f4c26b6d5e042c209254e0d56e9c1"
dependencies = [
 "tock-registers",
]

[[package]]
name = "nucleus"
version = "0.0.1"
dependencies = [
 "aarch64-cpu",
 "tock-registers",
]

[[package]]
name = "tock-registers"
version = "0.8.1"
source = "registry+https://github.com/rust-lang/crates.io-index"
checksum = "696941a0aee7e276a165a978b37918fd5d22c55c3d6bda197813070ca9c0f21c"
